
Microsoft Visual Studio Solution File, Format Version 12.00
# Visual Studio Version 17
VisualStudioVersion = 17.8.34330.188
MinimumVisualStudioVersion = 10.0.40219.1
Project("{2150E333-8FDC-42A3-9474-1A3956D46DE8}") = "common", "common", "{4C188D93-4BCC-40A7-89F9-8C747AE0B6C8}"
	ProjectSection(SolutionItems) = preProject
		common\bit_handle.h = common\bit_handle.h
		common\imrc_int.h = common\imrc_int.h
		common\imrc_common.h = common\imrc_common.h
		common\typedef.h = common\typedef.h
	EndProjectSection
EndProject
Project("{8BC9CEB8-8B4A-11D0-8D11-00A0C91BC942}") = "quram_imrc", "win\tk15_imrc\tk15_imrc.vcxproj", "{7062CB8A-6C93-4F19-A7A2-A4D037665E9B}"
EndProject
Project("{8BC9CEB8-8B4A-11D0-8D11-00A0C91BC942}") = "imaster_imrc", "win\tk10_imrc\tk10_imrc.vcxproj", "{50D36927-86A5-4101-BDC9-9D4CF0FC5F07}"
EndProject
Project("{8BC9CEB8-8B4A-11D0-8D11-00A0C91BC942}") = "test_imrc10", "test_imrc10\test_imrc10.vcxproj", "{FDC495FC-9C0E-4435-B240-08990A190D94}"
EndProject
Global
	GlobalSection(SolutionConfigurationPlatforms) = preSolution
		Debug|x64 = Debug|x64
		Debug|x86 = Debug|x86
		Release|x64 = Release|x64
		Release|x86 = Release|x86
	EndGlobalSection
	GlobalSection(ProjectConfigurationPlatforms) = postSolution
		{7062CB8A-6C93-4F19-A7A2-A4D037665E9B}.Debug|x64.ActiveCfg = Debug|x64
		{7062CB8A-6C93-4F19-A7A2-A4D037665E9B}.Debug|x64.Build.0 = Debug|x64
		{7062CB8A-6C93-4F19-A7A2-A4D037665E9B}.Debug|x86.ActiveCfg = Debug|Win32
		{7062CB8A-6C93-4F19-A7A2-A4D037665E9B}.Debug|x86.Build.0 = Debug|Win32
		{7062CB8A-6C93-4F19-A7A2-A4D037665E9B}.Release|x64.ActiveCfg = Release|x64
		{7062CB8A-6C93-4F19-A7A2-A4D037665E9B}.Release|x64.Build.0 = Release|x64
		{7062CB8A-6C93-4F19-A7A2-A4D037665E9B}.Release|x86.ActiveCfg = Release|Win32
		{7062CB8A-6C93-4F19-A7A2-A4D037665E9B}.Release|x86.Build.0 = Release|Win32
		{50D36927-86A5-4101-BDC9-9D4CF0FC5F07}.Debug|x64.ActiveCfg = Debug|x64
		{50D36927-86A5-4101-BDC9-9D4CF0FC5F07}.Debug|x64.Build.0 = Debug|x64
		{50D36927-86A5-4101-BDC9-9D4CF0FC5F07}.Debug|x86.ActiveCfg = Debug|Win32
		{50D36927-86A5-4101-BDC9-9D4CF0FC5F07}.Debug|x86.Build.0 = Debug|Win32
		{50D36927-86A5-4101-BDC9-9D4CF0FC5F07}.Release|x64.ActiveCfg = Release|x64
		{50D36927-86A5-4101-BDC9-9D4CF0FC5F07}.Release|x64.Build.0 = Release|x64
		{50D36927-86A5-4101-BDC9-9D4CF0FC5F07}.Release|x86.ActiveCfg = Release|Win32
		{50D36927-86A5-4101-BDC9-9D4CF0FC5F07}.Release|x86.Build.0 = Release|Win32
		{FDC495FC-9C0E-4435-B240-08990A190D94}.Debug|x64.ActiveCfg = Debug|x64
		{FDC495FC-9C0E-4435-B240-08990A190D94}.Debug|x64.Build.0 = Debug|x64
		{FDC495FC-9C0E-4435-B240-08990A190D94}.Debug|x86.ActiveCfg = Debug|Win32
		{FDC495FC-9C0E-4435-B240-08990A190D94}.Debug|x86.Build.0 = Debug|Win32
		{FDC495FC-9C0E-4435-B240-08990A190D94}.Release|x64.ActiveCfg = Release|x64
		{FDC495FC-9C0E-4435-B240-08990A190D94}.Release|x64.Build.0 = Release|x64
		{FDC495FC-9C0E-4435-B240-08990A190D94}.Release|x86.ActiveCfg = Release|Win32
		{FDC495FC-9C0E-4435-B240-08990A190D94}.Release|x86.Build.0 = Release|Win32
	EndGlobalSection
	GlobalSection(SolutionProperties) = preSolution
		HideSolutionNode = FALSE
	EndGlobalSection
	GlobalSection(ExtensibilityGlobals) = postSolution
		SolutionGuid = {C878269D-DF2C-458E-98C2-9D401EB57EFC}
	EndGlobalSection
EndGlobal
