
Microsoft Visual Studio Solution File, Format Version 12.00
# Visual Studio Version 17
VisualStudioVersion = 17.8.34330.188
MinimumVisualStudioVersion = 10.0.40219.1
Project("{2150E333-8FDC-42A3-9474-1A3956D46DE8}") = "common", "common", "{4C188D93-4BCC-40A7-89F9-8C747AE0B6C8}"
	ProjectSection(SolutionItems) = preProject
		common\bit_handle.h = common\bit_handle.h
		common\imrc_common.h = common\imrc_common.h
		common\imrc_int.h = common\imrc_int.h
		common\typedef.h = common\typedef.h
	EndProjectSection
EndProject
Project("{8BC9CEB8-8B4A-11D0-8D11-00A0C91BC942}") = "imaster_imrc", "win\imaster_imrc\imaster_imrc.vcxproj", "{50D36927-86A5-4101-BDC9-9D4CF0FC5F07}"
EndProject
Project("{8BC9CEB8-8B4A-11D0-8D11-00A0C91BC942}") = "quram_imrc", "win\quram_imrc\quram_imrc.vcxproj", "{7062CB8A-6C93-4F19-A7A2-A4D037665E9B}"
EndProject
Project("{8BC9CEB8-8B4A-11D0-8D11-00A0C91BC942}") = "imrc2raw", "win\imrc2raw\imrc2raw.vcxproj", "{987D0A78-9E72-4F6F-B5FD-30C5904FB513}"
	ProjectSection(ProjectDependencies) = postProject
		{50D36927-86A5-4101-BDC9-9D4CF0FC5F07} = {50D36927-86A5-4101-BDC9-9D4CF0FC5F07}
		{7062CB8A-6C93-4F19-A7A2-A4D037665E9B} = {7062CB8A-6C93-4F19-A7A2-A4D037665E9B}
		{97EF3E80-1BF3-4305-B423-3C9BA12A3293} = {97EF3E80-1BF3-4305-B423-3C9BA12A3293}
	EndProjectSection
EndProject
Project("{8BC9CEB8-8B4A-11D0-8D11-00A0C91BC942}") = "quram_qtc", "win\quram_qtc\quram_qtc.vcxproj", "{97EF3E80-1BF3-4305-B423-3C9BA12A3293}"
EndProject
Global
	GlobalSection(SolutionConfigurationPlatforms) = preSolution
		Debug|x64 = Debug|x64
		Debug|x86 = Debug|x86
		Release|x64 = Release|x64
		Release|x86 = Release|x86
	EndGlobalSection
	GlobalSection(ProjectConfigurationPlatforms) = postSolution
		{50D36927-86A5-4101-BDC9-9D4CF0FC5F07}.Debug|x64.ActiveCfg = Debug|x64
		{50D36927-86A5-4101-BDC9-9D4CF0FC5F07}.Debug|x64.Build.0 = Debug|x64
		{50D36927-86A5-4101-BDC9-9D4CF0FC5F07}.Debug|x86.ActiveCfg = Debug|Win32
		{50D36927-86A5-4101-BDC9-9D4CF0FC5F07}.Debug|x86.Build.0 = Debug|Win32
		{50D36927-86A5-4101-BDC9-9D4CF0FC5F07}.Release|x64.ActiveCfg = Release|x64
		{50D36927-86A5-4101-BDC9-9D4CF0FC5F07}.Release|x64.Build.0 = Release|x64
		{50D36927-86A5-4101-BDC9-9D4CF0FC5F07}.Release|x86.ActiveCfg = Release|Win32
		{50D36927-86A5-4101-BDC9-9D4CF0FC5F07}.Release|x86.Build.0 = Release|Win32
		{7062CB8A-6C93-4F19-A7A2-A4D037665E9B}.Debug|x64.ActiveCfg = Debug|x64
		{7062CB8A-6C93-4F19-A7A2-A4D037665E9B}.Debug|x64.Build.0 = Debug|x64
		{7062CB8A-6C93-4F19-A7A2-A4D037665E9B}.Debug|x86.ActiveCfg = Debug|Win32
		{7062CB8A-6C93-4F19-A7A2-A4D037665E9B}.Debug|x86.Build.0 = Debug|Win32
		{7062CB8A-6C93-4F19-A7A2-A4D037665E9B}.Release|x64.ActiveCfg = Release|x64
		{7062CB8A-6C93-4F19-A7A2-A4D037665E9B}.Release|x64.Build.0 = Release|x64
		{7062CB8A-6C93-4F19-A7A2-A4D037665E9B}.Release|x86.ActiveCfg = Release|Win32
		{7062CB8A-6C93-4F19-A7A2-A4D037665E9B}.Release|x86.Build.0 = Release|Win32
		{987D0A78-9E72-4F6F-B5FD-30C5904FB513}.Debug|x64.ActiveCfg = Debug|x64
		{987D0A78-9E72-4F6F-B5FD-30C5904FB513}.Debug|x64.Build.0 = Debug|x64
		{987D0A78-9E72-4F6F-B5FD-30C5904FB513}.Debug|x86.ActiveCfg = Debug|Win32
		{987D0A78-9E72-4F6F-B5FD-30C5904FB513}.Debug|x86.Build.0 = Debug|Win32
		{987D0A78-9E72-4F6F-B5FD-30C5904FB513}.Release|x64.ActiveCfg = Release|x64
		{987D0A78-9E72-4F6F-B5FD-30C5904FB513}.Release|x64.Build.0 = Release|x64
		{987D0A78-9E72-4F6F-B5FD-30C5904FB513}.Release|x86.ActiveCfg = Release|Win32
		{987D0A78-9E72-4F6F-B5FD-30C5904FB513}.Release|x86.Build.0 = Release|Win32
		{97EF3E80-1BF3-4305-B423-3C9BA12A3293}.Debug|x64.ActiveCfg = Debug|x64
		{97EF3E80-1BF3-4305-B423-3C9BA12A3293}.Debug|x64.Build.0 = Debug|x64
		{97EF3E80-1BF3-4305-B423-3C9BA12A3293}.Debug|x86.ActiveCfg = Debug|Win32
		{97EF3E80-1BF3-4305-B423-3C9BA12A3293}.Debug|x86.Build.0 = Debug|Win32
		{97EF3E80-1BF3-4305-B423-3C9BA12A3293}.Release|x64.ActiveCfg = Release|x64
		{97EF3E80-1BF3-4305-B423-3C9BA12A3293}.Release|x64.Build.0 = Release|x64
		{97EF3E80-1BF3-4305-B423-3C9BA12A3293}.Release|x86.ActiveCfg = Release|Win32
		{97EF3E80-1BF3-4305-B423-3C9BA12A3293}.Release|x86.Build.0 = Release|Win32
	EndGlobalSection
	GlobalSection(SolutionProperties) = preSolution
		HideSolutionNode = FALSE
	EndGlobalSection
	GlobalSection(ExtensibilityGlobals) = postSolution
		SolutionGuid = {C878269D-DF2C-458E-98C2-9D401EB57EFC}
	EndGlobalSection
EndGlobal
